
Microsoft Visual Studio Solution File, Format Version 12.00
# Visual Studio 15
VisualStudioVersion = 15.0.28010.2003
MinimumVisualStudioVersion = 10.0.40219.1
Project("{9A19103F-16F7-4668-BE54-9A1E7A4F7556}") = "RestClient", "src\RestClient\RestClient.csproj", "{13F6107B-8D0C-4408-A499-8E4F58B99471}"
EndProject
Project("{FAE04EC0-301F-11D3-BF4B-00C04F79EFBC}") = "Contracts", "Models\Contracts.csproj", "{5C477882-D243-4F7F-94BC-2078AB124EB8}"
EndProject
Project("{FAE04EC0-301F-11D3-BF4B-00C04F79EFBC}") = "Executor", "Executor\Executor.csproj", "{32FF865B-A6A0-4280-9A4B-25FC1A644A16}"
EndProject
Global
	GlobalSection(SolutionConfigurationPlatforms) = preSolution
		Debug|Any CPU = Debug|Any CPU
		Release|Any CPU = Release|Any CPU
	EndGlobalSection
	GlobalSection(ProjectConfigurationPlatforms) = postSolution
		{13F6107B-8D0C-4408-A499-8E4F58B99471}.Debug|Any CPU.ActiveCfg = Debug|Any CPU
		{13F6107B-8D0C-4408-A499-8E4F58B99471}.Debug|Any CPU.Build.0 = Debug|Any CPU
		{13F6107B-8D0C-4408-A499-8E4F58B99471}.Release|Any CPU.ActiveCfg = Release|Any CPU
		{13F6107B-8D0C-4408-A499-8E4F58B99471}.Release|Any CPU.Build.0 = Release|Any CPU
		{5C477882-D243-4F7F-94BC-2078AB124EB8}.Debug|Any CPU.ActiveCfg = Debug|Any CPU
		{5C477882-D243-4F7F-94BC-2078AB124EB8}.Debug|Any CPU.Build.0 = Debug|Any CPU
		{5C477882-D243-4F7F-94BC-2078AB124EB8}.Release|Any CPU.ActiveCfg = Release|Any CPU
		{5C477882-D243-4F7F-94BC-2078AB124EB8}.Release|Any CPU.Build.0 = Release|Any CPU
		{32FF865B-A6A0-4280-9A4B-25FC1A644A16}.Debug|Any CPU.ActiveCfg = Debug|Any CPU
		{32FF865B-A6A0-4280-9A4B-25FC1A644A16}.Debug|Any CPU.Build.0 = Debug|Any CPU
		{32FF865B-A6A0-4280-9A4B-25FC1A644A16}.Release|Any CPU.ActiveCfg = Release|Any CPU
		{32FF865B-A6A0-4280-9A4B-25FC1A644A16}.Release|Any CPU.Build.0 = Release|Any CPU
	EndGlobalSection
	GlobalSection(SolutionProperties) = preSolution
		HideSolutionNode = FALSE
	EndGlobalSection
	GlobalSection(ExtensibilityGlobals) = postSolution
		SolutionGuid = {E64074E2-3A65-466B-A304-AE8B165890B7}
	EndGlobalSection
EndGlobal
